
Microsoft Visual Studio Solution File, Format Version 12.00
# Visual Studio Version 17
VisualStudioVersion = 17.8.34408.163
MinimumVisualStudioVersion = 10.0.40219.1
Project("{9A19103F-16F7-4668-BE54-9A1E7A4F7556}") = "CalculationEngine", "CalculationEngine\CalculationEngine.csproj", "{0417895D-F0A2-4C80-AB74-1DAE6AC12CC8}"
EndProject
Project("{FAE04EC0-301F-11D3-BF4B-00C04F79EFBC}") = "CalculationEngineTest", "CalculationEngineTest\CalculationEngineTest.csproj", "{7BA23A3F-BD53-4CE4-B6CA-22581E134027}"
EndProject
Global
	GlobalSection(SolutionConfigurationPlatforms) = preSolution
		Debug|Any CPU = Debug|Any CPU
		GitHub Release|Any CPU = GitHub Release|Any CPU
		Release|Any CPU = Release|Any CPU
	EndGlobalSection
	GlobalSection(ProjectConfigurationPlatforms) = postSolution
		{0417895D-F0A2-4C80-AB74-1DAE6AC12CC8}.Debug|Any CPU.ActiveCfg = Debug|Any CPU
		{0417895D-F0A2-4C80-AB74-1DAE6AC12CC8}.Debug|Any CPU.Build.0 = Debug|Any CPU
		{0417895D-F0A2-4C80-AB74-1DAE6AC12CC8}.GitHub Release|Any CPU.ActiveCfg = GitHub Release|Any CPU
		{0417895D-F0A2-4C80-AB74-1DAE6AC12CC8}.GitHub Release|Any CPU.Build.0 = GitHub Release|Any CPU
		{0417895D-F0A2-4C80-AB74-1DAE6AC12CC8}.Release|Any CPU.ActiveCfg = Release|Any CPU
		{0417895D-F0A2-4C80-AB74-1DAE6AC12CC8}.Release|Any CPU.Build.0 = Release|Any CPU
		{7BA23A3F-BD53-4CE4-B6CA-22581E134027}.Debug|Any CPU.ActiveCfg = Debug|Any CPU
		{7BA23A3F-BD53-4CE4-B6CA-22581E134027}.Debug|Any CPU.Build.0 = Debug|Any CPU
		{7BA23A3F-BD53-4CE4-B6CA-22581E134027}.GitHub Release|Any CPU.ActiveCfg = Release|Any CPU
		{7BA23A3F-BD53-4CE4-B6CA-22581E134027}.GitHub Release|Any CPU.Build.0 = Release|Any CPU
		{7BA23A3F-BD53-4CE4-B6CA-22581E134027}.Release|Any CPU.ActiveCfg = Release|Any CPU
		{7BA23A3F-BD53-4CE4-B6CA-22581E134027}.Release|Any CPU.Build.0 = Release|Any CPU
	EndGlobalSection
	GlobalSection(SolutionProperties) = preSolution
		HideSolutionNode = FALSE
	EndGlobalSection
	GlobalSection(ExtensibilityGlobals) = postSolution
		SolutionGuid = {8D70261E-1419-4342-9D52-B44D4B9AF408}
	EndGlobalSection
EndGlobal
