
Microsoft Visual Studio Solution File, Format Version 12.00
# Visual Studio Version 17
VisualStudioVersion = 17.8.34408.163
MinimumVisualStudioVersion = 10.0.40219.1
Project("{9A19103F-16F7-4668-BE54-9A1E7A4F7556}") = "KevinComponent", "KevinComponent\KevinComponent.csproj", "{D75BA46C-FAD7-41B3-B710-ED55132B95A2}"
EndProject
Project("{9A19103F-16F7-4668-BE54-9A1E7A4F7556}") = "KevinComponent.Test.CalculationEngineTest", "KevinComponent.Test.CalculationEngineTest\KevinComponent.Test.CalculationEngineTest.csproj", "{33BD16BC-C863-4A4F-B3F9-D16B79964FA7}"
EndProject
Global
	GlobalSection(SolutionConfigurationPlatforms) = preSolution
		Debug|Any CPU = Debug|Any CPU
		GitHub Release|Any CPU = GitHub Release|Any CPU
		Release|Any CPU = Release|Any CPU
	EndGlobalSection
	GlobalSection(ProjectConfigurationPlatforms) = postSolution
		{D75BA46C-FAD7-41B3-B710-ED55132B95A2}.Debug|Any CPU.ActiveCfg = Debug|Any CPU
		{D75BA46C-FAD7-41B3-B710-ED55132B95A2}.Debug|Any CPU.Build.0 = Debug|Any CPU
		{D75BA46C-FAD7-41B3-B710-ED55132B95A2}.GitHub Release|Any CPU.ActiveCfg = GitHub Release|Any CPU
		{D75BA46C-FAD7-41B3-B710-ED55132B95A2}.GitHub Release|Any CPU.Build.0 = GitHub Release|Any CPU
		{D75BA46C-FAD7-41B3-B710-ED55132B95A2}.Release|Any CPU.ActiveCfg = Release|Any CPU
		{D75BA46C-FAD7-41B3-B710-ED55132B95A2}.Release|Any CPU.Build.0 = Release|Any CPU
		{33BD16BC-C863-4A4F-B3F9-D16B79964FA7}.Debug|Any CPU.ActiveCfg = Debug|Any CPU
		{33BD16BC-C863-4A4F-B3F9-D16B79964FA7}.Debug|Any CPU.Build.0 = Debug|Any CPU
		{33BD16BC-C863-4A4F-B3F9-D16B79964FA7}.GitHub Release|Any CPU.ActiveCfg = Release|Any CPU
		{33BD16BC-C863-4A4F-B3F9-D16B79964FA7}.GitHub Release|Any CPU.Build.0 = Release|Any CPU
		{33BD16BC-C863-4A4F-B3F9-D16B79964FA7}.Release|Any CPU.ActiveCfg = Release|Any CPU
		{33BD16BC-C863-4A4F-B3F9-D16B79964FA7}.Release|Any CPU.Build.0 = Release|Any CPU
	EndGlobalSection
	GlobalSection(SolutionProperties) = preSolution
		HideSolutionNode = FALSE
	EndGlobalSection
	GlobalSection(ExtensibilityGlobals) = postSolution
		SolutionGuid = {8D70261E-1419-4342-9D52-B44D4B9AF408}
	EndGlobalSection
EndGlobal
